
Microsoft Visual Studio Solution File, Format Version 12.00
# Visual Studio Version 16
VisualStudioVersion = 16.0.30204.135
MinimumVisualStudioVersion = 10.0.40219.1
Project("{8BC9CEB8-8B4A-11D0-8D11-00A0C91BC942}") = "GensokyoGomoku", "GensokyoGomoku.vcxproj", "{FFE936DE-9018-45A1-8F29-21FCC2CA78C4}"
EndProject
Global
	GlobalSection(SolutionConfigurationPlatforms) = preSolution
		Debug|x64 = Debug|x64
		Release|x64 = Release|x64
	EndGlobalSection
	GlobalSection(ProjectConfigurationPlatforms) = postSolution
		{FFE936DE-9018-45A1-8F29-21FCC2CA78C4}.Debug|x64.ActiveCfg = Debug|x64
		{FFE936DE-9018-45A1-8F29-21FCC2CA78C4}.Debug|x64.Build.0 = Debug|x64
		{FFE936DE-9018-45A1-8F29-21FCC2CA78C4}.Release|x64.ActiveCfg = Release|x64
		{FFE936DE-9018-45A1-8F29-21FCC2CA78C4}.Release|x64.Build.0 = Release|x64
	EndGlobalSection
	GlobalSection(SolutionProperties) = preSolution
		HideSolutionNode = FALSE
	EndGlobalSection
	GlobalSection(ExtensibilityGlobals) = postSolution
		SolutionGuid = {FD6200CA-D661-4BC7-9C74-915B06E0E417}
	EndGlobalSection
EndGlobal
